
Microsoft Visual Studio Solution File, Format Version 12.00
# Visual Studio Version 17
VisualStudioVersion = 17.0.31808.319
MinimumVisualStudioVersion = 10.0.40219.1
Project("{2150E333-8FDC-42A3-9474-1A3956D46DE8}") = "01-Presentation", "01-Presentation", "{14A87EFB-9982-41D2-B03A-3F47B3C61821}"
EndProject
Project("{9A19103F-16F7-4668-BE54-9A1E7A4F7556}") = "MiloService.Mvc", "src\MiloService.Mvc\MiloService.Mvc.csproj", "{67DC739E-4870-4D06-B7FA-0CE59B4C1611}"
EndProject
Project("{2150E333-8FDC-42A3-9474-1A3956D46DE8}") = "02-Application", "02-Application", "{2C21A382-9060-4BB6-9B83-0DF5DD9E585D}"
EndProject
Project("{2150E333-8FDC-42A3-9474-1A3956D46DE8}") = "03-Domain", "03-Domain", "{4428B762-2B44-424D-AA36-A436E9FD321C}"
EndProject
Project("{2150E333-8FDC-42A3-9474-1A3956D46DE8}") = "04-Infra", "04-Infra", "{8150C63D-9DC3-4A22-BB39-46987FF97221}"
EndProject
Project("{2150E333-8FDC-42A3-9474-1A3956D46DE8}") = "05-MiloUtils", "05-MiloUtils", "{F1AD99F7-6B06-4609-B2B2-320E2BB92479}"
EndProject
Project("{2150E333-8FDC-42A3-9474-1A3956D46DE8}") = "06-Test", "06-Test", "{6D40B32A-261C-46CC-A977-4B13F4C985BF}"
EndProject
Global
	GlobalSection(SolutionConfigurationPlatforms) = preSolution
		Debug|Any CPU = Debug|Any CPU
		Release|Any CPU = Release|Any CPU
	EndGlobalSection
	GlobalSection(ProjectConfigurationPlatforms) = postSolution
		{67DC739E-4870-4D06-B7FA-0CE59B4C1611}.Debug|Any CPU.ActiveCfg = Debug|Any CPU
		{67DC739E-4870-4D06-B7FA-0CE59B4C1611}.Debug|Any CPU.Build.0 = Debug|Any CPU
		{67DC739E-4870-4D06-B7FA-0CE59B4C1611}.Release|Any CPU.ActiveCfg = Release|Any CPU
		{67DC739E-4870-4D06-B7FA-0CE59B4C1611}.Release|Any CPU.Build.0 = Release|Any CPU
	EndGlobalSection
	GlobalSection(SolutionProperties) = preSolution
		HideSolutionNode = FALSE
	EndGlobalSection
	GlobalSection(NestedProjects) = preSolution
		{67DC739E-4870-4D06-B7FA-0CE59B4C1611} = {14A87EFB-9982-41D2-B03A-3F47B3C61821}
	EndGlobalSection
	GlobalSection(ExtensibilityGlobals) = postSolution
		SolutionGuid = {BB951A58-29E8-472B-880B-F297BD4F025F}
	EndGlobalSection
EndGlobal
